// !$*UTF8*$!
{
	archiveVersion = 1;
	classes = {
	};
	objectVersion = 51;
	objects = {

/* Begin PBXBuildFile section */
		080496A924D2739500F9894C /* UserInfoValidator.swift in Sources */ = {isa = PBXBuildFile; fileRef = 080496A824D2739500F9894C /* UserInfoValidator.swift */; };
		080496AB24D2AA8600F9894C /* WebViewController.swift in Sources */ = {isa = PBXBuildFile; fileRef = 080496AA24D2AA8600F9894C /* WebViewController.swift */; };
		080496AD24D2AAE300F9894C /* WebViewModel.swift in Sources */ = {isa = PBXBuildFile; fileRef = 080496AC24D2AAE300F9894C /* WebViewModel.swift */; };
		0811A51224CF319400314F0C /* MyProjectPageDataSource.swift in Sources */ = {isa = PBXBuildFile; fileRef = 0811A51124CF319400314F0C /* MyProjectPageDataSource.swift */; };
		0839A11824C1FB5300A15253 /* GoogleService-Info.plist in Resources */ = {isa = PBXBuildFile; fileRef = 087CAE7624C01B1700C2A1C4 /* GoogleService-Info.plist */; };
		0839A11A24C2058100A15253 /* AppDelegateTests.swift in Sources */ = {isa = PBXBuildFile; fileRef = 0839A11924C2058100A15253 /* AppDelegateTests.swift */; };
		0839A11C24C208CA00A15253 /* main.swift in Sources */ = {isa = PBXBuildFile; fileRef = 0839A11B24C208CA00A15253 /* main.swift */; };
		0850430724C04A8800C672C1 /* .swiftlint.autocorrect.yml in Resources */ = {isa = PBXBuildFile; fileRef = 0850430624C04A8800C672C1 /* .swiftlint.autocorrect.yml */; };
		0850430924C0505300C672C1 /* AppDependency.swift in Sources */ = {isa = PBXBuildFile; fileRef = 0850430824C0505300C672C1 /* AppDependency.swift */; };
		085A523924C2BE77009990D5 /* AnalyticsServiceType.swift in Sources */ = {isa = PBXBuildFile; fileRef = 085A523824C2BE77009990D5 /* AnalyticsServiceType.swift */; };
		0873E44524CFCF4C00BFC4B5 /* MyProjectPageViewController.swift in Sources */ = {isa = PBXBuildFile; fileRef = 0873E44424CFCF4C00BFC4B5 /* MyProjectPageViewController.swift */; };
		0873E44724CFCFB600BFC4B5 /* MyProjectPageViewModel.swift in Sources */ = {isa = PBXBuildFile; fileRef = 0873E44624CFCFB600BFC4B5 /* MyProjectPageViewModel.swift */; };
		0873E44924CFD5BE00BFC4B5 /* MyProjectCell.swift in Sources */ = {isa = PBXBuildFile; fileRef = 0873E44824CFD5BE00BFC4B5 /* MyProjectCell.swift */; };
		0873E44B24CFD64100BFC4B5 /* MyProjectDataSource.swift in Sources */ = {isa = PBXBuildFile; fileRef = 0873E44A24CFD64100BFC4B5 /* MyProjectDataSource.swift */; };
		0873E44F24D013CA00BFC4B5 /* ChatLobbyViewController.swift in Sources */ = {isa = PBXBuildFile; fileRef = 0873E44E24D013CA00BFC4B5 /* ChatLobbyViewController.swift */; };
		0873E45124D013F300BFC4B5 /* ChatLobbyViewModel.swift in Sources */ = {isa = PBXBuildFile; fileRef = 0873E45024D013F300BFC4B5 /* ChatLobbyViewModel.swift */; };
		0873E45324D0147B00BFC4B5 /* ChatDependency.swift in Sources */ = {isa = PBXBuildFile; fileRef = 0873E45224D0147B00BFC4B5 /* ChatDependency.swift */; };
		0873E45524D01D4900BFC4B5 /* ChatRoomCell.swift in Sources */ = {isa = PBXBuildFile; fileRef = 0873E45424D01D4900BFC4B5 /* ChatRoomCell.swift */; };
		0873E45724D01DE600BFC4B5 /* ChatRoomDataSource.swift in Sources */ = {isa = PBXBuildFile; fileRef = 0873E45624D01DE600BFC4B5 /* ChatRoomDataSource.swift */; };
		0873E45924D020B300BFC4B5 /* UIRefreshControlStyles.swift in Sources */ = {isa = PBXBuildFile; fileRef = 0873E45824D020B300BFC4B5 /* UIRefreshControlStyles.swift */; };
		0873E45B24D02C3000BFC4B5 /* ChatRoomCellViewModel.swift in Sources */ = {isa = PBXBuildFile; fileRef = 0873E45A24D02C3000BFC4B5 /* ChatRoomCellViewModel.swift */; };
		0873E45D24D02E0C00BFC4B5 /* ChatRoom.swift in Sources */ = {isa = PBXBuildFile; fileRef = 0873E45C24D02E0C00BFC4B5 /* ChatRoom.swift */; };
		0873E45F24D0649D00BFC4B5 /* ChatMessage.swift in Sources */ = {isa = PBXBuildFile; fileRef = 0873E45E24D0649D00BFC4B5 /* ChatMessage.swift */; };
		087AC07424D16D8700CAAF9E /* ChatRoomViewController.swift in Sources */ = {isa = PBXBuildFile; fileRef = 087AC07324D16D8700CAAF9E /* ChatRoomViewController.swift */; };
		087AC07624D16DB600CAAF9E /* ChatRoomViewModel.swift in Sources */ = {isa = PBXBuildFile; fileRef = 087AC07524D16DB600CAAF9E /* ChatRoomViewModel.swift */; };
		087AC07824D1B0A000CAAF9E /* UITextField+.swift in Sources */ = {isa = PBXBuildFile; fileRef = 087AC07724D1B0A000CAAF9E /* UITextField+.swift */; };
		087CAE7924C0319400C2A1C4 /* .swiftlint.yml in Resources */ = {isa = PBXBuildFile; fileRef = 087CAE7824C0319400C2A1C4 /* .swiftlint.yml */; };
		0884DB7D24BD92DF00A2E471 /* AppDelegate.swift in Sources */ = {isa = PBXBuildFile; fileRef = 0884DB7C24BD92DF00A2E471 /* AppDelegate.swift */; };
		0884DB8124BD92DF00A2E471 /* ViewController.swift in Sources */ = {isa = PBXBuildFile; fileRef = 0884DB8024BD92DF00A2E471 /* ViewController.swift */; };
		0884DB8624BD92E000A2E471 /* Assets.xcassets in Resources */ = {isa = PBXBuildFile; fileRef = 0884DB8524BD92E000A2E471 /* Assets.xcassets */; };
		0884DB8924BD92E000A2E471 /* LaunchScreen.storyboard in Resources */ = {isa = PBXBuildFile; fileRef = 0884DB8724BD92E000A2E471 /* LaunchScreen.storyboard */; };
		08A1809024C7418800EADCE0 /* Result+.swift in Sources */ = {isa = PBXBuildFile; fileRef = 08A1808F24C7418800EADCE0 /* Result+.swift */; };
		08AB639D24D6729900898A2D /* SignUpViewModelTests.swift in Sources */ = {isa = PBXBuildFile; fileRef = 08AB639C24D6729900898A2D /* SignUpViewModelTests.swift */; };
		08AB63A124D683AA00898A2D /* StubUserInfoValidator.swift in Sources */ = {isa = PBXBuildFile; fileRef = 08AB63A024D683AA00898A2D /* StubUserInfoValidator.swift */; };
		08AF511E24D581EF00352B70 /* LogInViewModelTests.swift in Sources */ = {isa = PBXBuildFile; fileRef = 08AF511D24D581EF00352B70 /* LogInViewModelTests.swift */; };
		08AF512024D59A4300352B70 /* SignInViewModelTests.swift in Sources */ = {isa = PBXBuildFile; fileRef = 08AF511F24D59A4300352B70 /* SignInViewModelTests.swift */; };
		08AF512324D59C8A00352B70 /* StubNetworkService.swift in Sources */ = {isa = PBXBuildFile; fileRef = 08AF512224D59C8A00352B70 /* StubNetworkService.swift */; };
		08C79D5424C7F20600CBDF5F /* UIViewController+Alert.swift in Sources */ = {isa = PBXBuildFile; fileRef = 08C79D5324C7F20600CBDF5F /* UIViewController+Alert.swift */; };
		08C79D5724C7FFD300CBDF5F /* SignInViewModel.swift in Sources */ = {isa = PBXBuildFile; fileRef = 08C79D5624C7FFD300CBDF5F /* SignInViewModel.swift */; };
		08C79D5924C8013700CBDF5F /* SignInViewController.swift in Sources */ = {isa = PBXBuildFile; fileRef = 08C79D5824C8013700CBDF5F /* SignInViewController.swift */; };
		08C79D5B24C808F100CBDF5F /* UIButton+.swift in Sources */ = {isa = PBXBuildFile; fileRef = 08C79D5A24C808F100CBDF5F /* UIButton+.swift */; };
		08C79D5D24C810A800CBDF5F /* HomeViewController.swift in Sources */ = {isa = PBXBuildFile; fileRef = 08C79D5C24C810A800CBDF5F /* HomeViewController.swift */; };
		08C79D5F24C810D500CBDF5F /* HomeViewModel.swift in Sources */ = {isa = PBXBuildFile; fileRef = 08C79D5E24C810D500CBDF5F /* HomeViewModel.swift */; };
		08C79D6224C8139D00CBDF5F /* ProjectThumbnailCardCell.swift in Sources */ = {isa = PBXBuildFile; fileRef = 08C79D6124C8139D00CBDF5F /* ProjectThumbnailCardCell.swift */; };
		08C79D6524C829E300CBDF5F /* ImageLoaderType.swift in Sources */ = {isa = PBXBuildFile; fileRef = 08C79D6424C829E300CBDF5F /* ImageLoaderType.swift */; };
		08C79D6724C8337500CBDF5F /* ProjectThumbnailCellViewModel.swift in Sources */ = {isa = PBXBuildFile; fileRef = 08C79D6624C8337500CBDF5F /* ProjectThumbnailCellViewModel.swift */; };
		08C79D6A24C8362600CBDF5F /* ProjectThumbnailDataSource.swift in Sources */ = {isa = PBXBuildFile; fileRef = 08C79D6924C8362600CBDF5F /* ProjectThumbnailDataSource.swift */; };
		08C79D6C24C8490200CBDF5F /* SharedFunctions.swift in Sources */ = {isa = PBXBuildFile; fileRef = 08C79D6B24C8490200CBDF5F /* SharedFunctions.swift */; };
		08C79D6E24C849D000CBDF5F /* UICollectionView+.swift in Sources */ = {isa = PBXBuildFile; fileRef = 08C79D6D24C849D000CBDF5F /* UICollectionView+.swift */; };
		08C79D7024C84E3C00CBDF5F /* BaseDataSource.swift in Sources */ = {isa = PBXBuildFile; fileRef = 08C79D6F24C84E3C00CBDF5F /* BaseDataSource.swift */; };
		08C79D7224C8530A00CBDF5F /* BaseCell.swift in Sources */ = {isa = PBXBuildFile; fileRef = 08C79D7124C8530A00CBDF5F /* BaseCell.swift */; };
		08C79D7424C853F600CBDF5F /* Project.swift in Sources */ = {isa = PBXBuildFile; fileRef = 08C79D7324C853F600CBDF5F /* Project.swift */; };
		08CD578524C463E40066AD1B /* Array+UIView.swift in Sources */ = {isa = PBXBuildFile; fileRef = 08CD578424C463E40066AD1B /* Array+UIView.swift */; };
		08CD578724C468290066AD1B /* SignUpViewController.swift in Sources */ = {isa = PBXBuildFile; fileRef = 08CD578624C468290066AD1B /* SignUpViewController.swift */; };
		08CD578924C469FF0066AD1B /* SignUpViewModel.swift in Sources */ = {isa = PBXBuildFile; fileRef = 08CD578824C469FF0066AD1B /* SignUpViewModel.swift */; };
		08CD578B24C53B130066AD1B /* User.swift in Sources */ = {isa = PBXBuildFile; fileRef = 08CD578A24C53B130066AD1B /* User.swift */; };
		08CD578D24C53BA30066AD1B /* AppDelegateViewModel.swift in Sources */ = {isa = PBXBuildFile; fileRef = 08CD578C24C53BA30066AD1B /* AppDelegateViewModel.swift */; };
		08CD579024C5B87E0066AD1B /* AutoLayout.swift in Sources */ = {isa = PBXBuildFile; fileRef = 08CD578F24C5B87E0066AD1B /* AutoLayout.swift */; };
		08CD579324C5BC740066AD1B /* BorderStyles.swift in Sources */ = {isa = PBXBuildFile; fileRef = 08CD579224C5BC740066AD1B /* BorderStyles.swift */; };
		08DEA59924C8993A00222A56 /* BaseCellTests.swift in Sources */ = {isa = PBXBuildFile; fileRef = 08DEA59824C8993A00222A56 /* BaseCellTests.swift */; };
		08DEA59B24C98EF500222A56 /* ProjectDetailViewController.swift in Sources */ = {isa = PBXBuildFile; fileRef = 08DEA59A24C98EF500222A56 /* ProjectDetailViewController.swift */; };
		08DEA59D24C9930C00222A56 /* ProjectDetailViewModel.swift in Sources */ = {isa = PBXBuildFile; fileRef = 08DEA59C24C9930C00222A56 /* ProjectDetailViewModel.swift */; };
		08DEA5A024CA884300222A56 /* HomeContainerViewController.swift in Sources */ = {isa = PBXBuildFile; fileRef = 08DEA59F24CA884300222A56 /* HomeContainerViewController.swift */; };
		08DEA5A224CA887B00222A56 /* HomeContainerViewModel.swift in Sources */ = {isa = PBXBuildFile; fileRef = 08DEA5A124CA887B00222A56 /* HomeContainerViewModel.swift */; };
		08DEA5A424CA938000222A56 /* ProjectCollectionCell.swift in Sources */ = {isa = PBXBuildFile; fileRef = 08DEA5A324CA938000222A56 /* ProjectCollectionCell.swift */; };
		08DEA5A624CA98BA00222A56 /* ProjectCollectionCellViewModel.swift in Sources */ = {isa = PBXBuildFile; fileRef = 08DEA5A524CA98BA00222A56 /* ProjectCollectionCellViewModel.swift */; };
		08DEA5AA24CABB3700222A56 /* HomeDataSource.swift in Sources */ = {isa = PBXBuildFile; fileRef = 08DEA5A924CABB3700222A56 /* HomeDataSource.swift */; };
		08DEA5AC24CAC4F800222A56 /* UITableView+.swift in Sources */ = {isa = PBXBuildFile; fileRef = 08DEA5AB24CAC4F800222A56 /* UITableView+.swift */; };
		08DEA5AE24CBE7A700222A56 /* ErrorCell.swift in Sources */ = {isa = PBXBuildFile; fileRef = 08DEA5AD24CBE7A700222A56 /* ErrorCell.swift */; };
		08DEA5B024CBE8D200222A56 /* ErrorCellViewModel.swift in Sources */ = {isa = PBXBuildFile; fileRef = 08DEA5AF24CBE8D200222A56 /* ErrorCellViewModel.swift */; };
		08DEA5B224CBFA7000222A56 /* CategoryDataSource.swift in Sources */ = {isa = PBXBuildFile; fileRef = 08DEA5B124CBFA7000222A56 /* CategoryDataSource.swift */; };
		08DEA5B424CBFB2900222A56 /* CategoryCell.swift in Sources */ = {isa = PBXBuildFile; fileRef = 08DEA5B324CBFB2900222A56 /* CategoryCell.swift */; };
		08DEA5B624CBFB7A00222A56 /* CategoryCellViewModel.swift in Sources */ = {isa = PBXBuildFile; fileRef = 08DEA5B524CBFB7A00222A56 /* CategoryCellViewModel.swift */; };
		08DEA5B924CC408900222A56 /* TagLayout.swift in Sources */ = {isa = PBXBuildFile; fileRef = 08DEA5B824CC408900222A56 /* TagLayout.swift */; };
		08DEA5BB24CD4EAD00222A56 /* MyProjectContainerViewController.swift in Sources */ = {isa = PBXBuildFile; fileRef = 08DEA5BA24CD4EAD00222A56 /* MyProjectContainerViewController.swift */; };
		08DEA5BD24CD547D00222A56 /* MyProjectContainerViewModel.swift in Sources */ = {isa = PBXBuildFile; fileRef = 08DEA5BC24CD547D00222A56 /* MyProjectContainerViewModel.swift */; };
		08DEA5BF24CD54CD00222A56 /* MyProjectDependency.swift in Sources */ = {isa = PBXBuildFile; fileRef = 08DEA5BE24CD54CD00222A56 /* MyProjectDependency.swift */; };
		08DEA5C124CD58F800222A56 /* ProfileDependency.swift in Sources */ = {isa = PBXBuildFile; fileRef = 08DEA5C024CD58F800222A56 /* ProfileDependency.swift */; };
		08DEA5C324CD599500222A56 /* HomeDependency.swift in Sources */ = {isa = PBXBuildFile; fileRef = 08DEA5C224CD599500222A56 /* HomeDependency.swift */; };
		08DEA5C524CD760800222A56 /* TobTabBarViewController.swift in Sources */ = {isa = PBXBuildFile; fileRef = 08DEA5C424CD760800222A56 /* TobTabBarViewController.swift */; };
		08DEA5C724CD768700222A56 /* TopTabBarViewModel.swift in Sources */ = {isa = PBXBuildFile; fileRef = 08DEA5C624CD768700222A56 /* TopTabBarViewModel.swift */; };
		08EDD0B324C2DCD90038D6B9 /* NetworkServiceType.swift in Sources */ = {isa = PBXBuildFile; fileRef = 08EDD0B224C2DCD90038D6B9 /* NetworkServiceType.swift */; };
		08EDD0B724C2E3140038D6B9 /* RootViewModel.swift in Sources */ = {isa = PBXBuildFile; fileRef = 08EDD0B624C2E3140038D6B9 /* RootViewModel.swift */; };
		08EDD0B924C2E5BF0038D6B9 /* RootTabBarController.swift in Sources */ = {isa = PBXBuildFile; fileRef = 08EDD0B824C2E5BF0038D6B9 /* RootTabBarController.swift */; };
		08EDD0BE24C406D40038D6B9 /* LogInViewController.swift in Sources */ = {isa = PBXBuildFile; fileRef = 08EDD0BD24C406D40038D6B9 /* LogInViewController.swift */; };
		08EDD0C024C409650038D6B9 /* LogInViewModel.swift in Sources */ = {isa = PBXBuildFile; fileRef = 08EDD0BF24C409650038D6B9 /* LogInViewModel.swift */; };
		3961704FFAF13F7AEC927E49 /* Pods_Connected_iOS_Connected_iOSTests.framework in Frameworks */ = {isa = PBXBuildFile; fileRef = 1457A818616027288BC73DF0 /* Pods_Connected_iOS_Connected_iOSTests.framework */; };
		6A827F885405CE5FFAB98E09 /* Pods_Connected_iOS.framework in Frameworks */ = {isa = PBXBuildFile; fileRef = A5FB61FB57E424A7C216414E /* Pods_Connected_iOS.framework */; };
/* End PBXBuildFile section */

/* Begin PBXContainerItemProxy section */
		0884DB9024BD92E000A2E471 /* PBXContainerItemProxy */ = {
			isa = PBXContainerItemProxy;
			containerPortal = 0884DB7124BD92DF00A2E471 /* Project object */;
			proxyType = 1;
			remoteGlobalIDString = 0884DB7824BD92DF00A2E471;
			remoteInfo = "Connected-iOS";
		};
/* End PBXContainerItemProxy section */

/* Begin PBXFileReference section */
		080496A824D2739500F9894C /* UserInfoValidator.swift */ = {isa = PBXFileReference; lastKnownFileType = sourcecode.swift; path = UserInfoValidator.swift; sourceTree = "<group>"; };
		080496AA24D2AA8600F9894C /* WebViewController.swift */ = {isa = PBXFileReference; lastKnownFileType = sourcecode.swift; path = WebViewController.swift; sourceTree = "<group>"; };
		080496AC24D2AAE300F9894C /* WebViewModel.swift */ = {isa = PBXFileReference; lastKnownFileType = sourcecode.swift; path = WebViewModel.swift; sourceTree = "<group>"; };
		0811A51124CF319400314F0C /* MyProjectPageDataSource.swift */ = {isa = PBXFileReference; lastKnownFileType = sourcecode.swift; path = MyProjectPageDataSource.swift; sourceTree = "<group>"; };
		0839A11924C2058100A15253 /* AppDelegateTests.swift */ = {isa = PBXFileReference; lastKnownFileType = sourcecode.swift; path = AppDelegateTests.swift; sourceTree = "<group>"; };
		0839A11B24C208CA00A15253 /* main.swift */ = {isa = PBXFileReference; lastKnownFileType = sourcecode.swift; path = main.swift; sourceTree = "<group>"; };
		0850430624C04A8800C672C1 /* .swiftlint.autocorrect.yml */ = {isa = PBXFileReference; fileEncoding = 4; lastKnownFileType = text.yaml; path = .swiftlint.autocorrect.yml; sourceTree = "<group>"; };
		0850430824C0505300C672C1 /* AppDependency.swift */ = {isa = PBXFileReference; lastKnownFileType = sourcecode.swift; path = AppDependency.swift; sourceTree = "<group>"; };
		085A523824C2BE77009990D5 /* AnalyticsServiceType.swift */ = {isa = PBXFileReference; lastKnownFileType = sourcecode.swift; path = AnalyticsServiceType.swift; sourceTree = "<group>"; };
		0873E44424CFCF4C00BFC4B5 /* MyProjectPageViewController.swift */ = {isa = PBXFileReference; lastKnownFileType = sourcecode.swift; path = MyProjectPageViewController.swift; sourceTree = "<group>"; };
		0873E44624CFCFB600BFC4B5 /* MyProjectPageViewModel.swift */ = {isa = PBXFileReference; lastKnownFileType = sourcecode.swift; path = MyProjectPageViewModel.swift; sourceTree = "<group>"; };
		0873E44824CFD5BE00BFC4B5 /* MyProjectCell.swift */ = {isa = PBXFileReference; lastKnownFileType = sourcecode.swift; path = MyProjectCell.swift; sourceTree = "<group>"; };
		0873E44A24CFD64100BFC4B5 /* MyProjectDataSource.swift */ = {isa = PBXFileReference; lastKnownFileType = sourcecode.swift; path = MyProjectDataSource.swift; sourceTree = "<group>"; };
		0873E44E24D013CA00BFC4B5 /* ChatLobbyViewController.swift */ = {isa = PBXFileReference; lastKnownFileType = sourcecode.swift; path = ChatLobbyViewController.swift; sourceTree = "<group>"; };
		0873E45024D013F300BFC4B5 /* ChatLobbyViewModel.swift */ = {isa = PBXFileReference; lastKnownFileType = sourcecode.swift; path = ChatLobbyViewModel.swift; sourceTree = "<group>"; };
		0873E45224D0147B00BFC4B5 /* ChatDependency.swift */ = {isa = PBXFileReference; lastKnownFileType = sourcecode.swift; path = ChatDependency.swift; sourceTree = "<group>"; };
		0873E45424D01D4900BFC4B5 /* ChatRoomCell.swift */ = {isa = PBXFileReference; lastKnownFileType = sourcecode.swift; path = ChatRoomCell.swift; sourceTree = "<group>"; };
		0873E45624D01DE600BFC4B5 /* ChatRoomDataSource.swift */ = {isa = PBXFileReference; lastKnownFileType = sourcecode.swift; path = ChatRoomDataSource.swift; sourceTree = "<group>"; };
		0873E45824D020B300BFC4B5 /* UIRefreshControlStyles.swift */ = {isa = PBXFileReference; lastKnownFileType = sourcecode.swift; path = UIRefreshControlStyles.swift; sourceTree = "<group>"; };
		0873E45A24D02C3000BFC4B5 /* ChatRoomCellViewModel.swift */ = {isa = PBXFileReference; lastKnownFileType = sourcecode.swift; path = ChatRoomCellViewModel.swift; sourceTree = "<group>"; };
		0873E45C24D02E0C00BFC4B5 /* ChatRoom.swift */ = {isa = PBXFileReference; lastKnownFileType = sourcecode.swift; path = ChatRoom.swift; sourceTree = "<group>"; };
		0873E45E24D0649D00BFC4B5 /* ChatMessage.swift */ = {isa = PBXFileReference; lastKnownFileType = sourcecode.swift; path = ChatMessage.swift; sourceTree = "<group>"; };
		087AC07324D16D8700CAAF9E /* ChatRoomViewController.swift */ = {isa = PBXFileReference; lastKnownFileType = sourcecode.swift; path = ChatRoomViewController.swift; sourceTree = "<group>"; };
		087AC07524D16DB600CAAF9E /* ChatRoomViewModel.swift */ = {isa = PBXFileReference; lastKnownFileType = sourcecode.swift; path = ChatRoomViewModel.swift; sourceTree = "<group>"; };
		087AC07724D1B0A000CAAF9E /* UITextField+.swift */ = {isa = PBXFileReference; lastKnownFileType = sourcecode.swift; path = "UITextField+.swift"; sourceTree = "<group>"; };
		087CAE7624C01B1700C2A1C4 /* GoogleService-Info.plist */ = {isa = PBXFileReference; fileEncoding = 4; lastKnownFileType = text.plist.xml; path = "GoogleService-Info.plist"; sourceTree = "<group>"; };
		087CAE7824C0319400C2A1C4 /* .swiftlint.yml */ = {isa = PBXFileReference; lastKnownFileType = text.yaml; path = .swiftlint.yml; sourceTree = "<group>"; };
		0884DB7924BD92DF00A2E471 /* Connected-iOS.app */ = {isa = PBXFileReference; explicitFileType = wrapper.application; includeInIndex = 0; path = "Connected-iOS.app"; sourceTree = BUILT_PRODUCTS_DIR; };
		0884DB7C24BD92DF00A2E471 /* AppDelegate.swift */ = {isa = PBXFileReference; lastKnownFileType = sourcecode.swift; path = AppDelegate.swift; sourceTree = "<group>"; };
		0884DB8024BD92DF00A2E471 /* ViewController.swift */ = {isa = PBXFileReference; lastKnownFileType = sourcecode.swift; path = ViewController.swift; sourceTree = "<group>"; };
		0884DB8524BD92E000A2E471 /* Assets.xcassets */ = {isa = PBXFileReference; lastKnownFileType = folder.assetcatalog; path = Assets.xcassets; sourceTree = "<group>"; };
		0884DB8824BD92E000A2E471 /* Base */ = {isa = PBXFileReference; lastKnownFileType = file.storyboard; name = Base; path = Base.lproj/LaunchScreen.storyboard; sourceTree = "<group>"; };
		0884DB8A24BD92E000A2E471 /* Info.plist */ = {isa = PBXFileReference; lastKnownFileType = text.plist.xml; path = Info.plist; sourceTree = "<group>"; };
		0884DB8F24BD92E000A2E471 /* Connected-iOSTests.xctest */ = {isa = PBXFileReference; explicitFileType = wrapper.cfbundle; includeInIndex = 0; path = "Connected-iOSTests.xctest"; sourceTree = BUILT_PRODUCTS_DIR; };
		0884DB9524BD92E000A2E471 /* Info.plist */ = {isa = PBXFileReference; lastKnownFileType = text.plist.xml; path = Info.plist; sourceTree = "<group>"; };
		08A1808F24C7418800EADCE0 /* Result+.swift */ = {isa = PBXFileReference; lastKnownFileType = sourcecode.swift; path = "Result+.swift"; sourceTree = "<group>"; };
		08AB639C24D6729900898A2D /* SignUpViewModelTests.swift */ = {isa = PBXFileReference; lastKnownFileType = sourcecode.swift; path = SignUpViewModelTests.swift; sourceTree = "<group>"; };
		08AB63A024D683AA00898A2D /* StubUserInfoValidator.swift */ = {isa = PBXFileReference; lastKnownFileType = sourcecode.swift; path = StubUserInfoValidator.swift; sourceTree = "<group>"; };
		08AF511D24D581EF00352B70 /* LogInViewModelTests.swift */ = {isa = PBXFileReference; lastKnownFileType = sourcecode.swift; path = LogInViewModelTests.swift; sourceTree = "<group>"; };
		08AF511F24D59A4300352B70 /* SignInViewModelTests.swift */ = {isa = PBXFileReference; lastKnownFileType = sourcecode.swift; path = SignInViewModelTests.swift; sourceTree = "<group>"; };
		08AF512224D59C8A00352B70 /* StubNetworkService.swift */ = {isa = PBXFileReference; lastKnownFileType = sourcecode.swift; path = StubNetworkService.swift; sourceTree = "<group>"; };
		08C79D5324C7F20600CBDF5F /* UIViewController+Alert.swift */ = {isa = PBXFileReference; lastKnownFileType = sourcecode.swift; path = "UIViewController+Alert.swift"; sourceTree = "<group>"; };
		08C79D5624C7FFD300CBDF5F /* SignInViewModel.swift */ = {isa = PBXFileReference; lastKnownFileType = sourcecode.swift; path = SignInViewModel.swift; sourceTree = "<group>"; };
		08C79D5824C8013700CBDF5F /* SignInViewController.swift */ = {isa = PBXFileReference; lastKnownFileType = sourcecode.swift; path = SignInViewController.swift; sourceTree = "<group>"; };
		08C79D5A24C808F100CBDF5F /* UIButton+.swift */ = {isa = PBXFileReference; lastKnownFileType = sourcecode.swift; path = "UIButton+.swift"; sourceTree = "<group>"; };
		08C79D5C24C810A800CBDF5F /* HomeViewController.swift */ = {isa = PBXFileReference; lastKnownFileType = sourcecode.swift; path = HomeViewController.swift; sourceTree = "<group>"; };
		08C79D5E24C810D500CBDF5F /* HomeViewModel.swift */ = {isa = PBXFileReference; lastKnownFileType = sourcecode.swift; path = HomeViewModel.swift; sourceTree = "<group>"; };
		08C79D6124C8139D00CBDF5F /* ProjectThumbnailCardCell.swift */ = {isa = PBXFileReference; lastKnownFileType = sourcecode.swift; path = ProjectThumbnailCardCell.swift; sourceTree = "<group>"; };
		08C79D6424C829E300CBDF5F /* ImageLoaderType.swift */ = {isa = PBXFileReference; lastKnownFileType = sourcecode.swift; path = ImageLoaderType.swift; sourceTree = "<group>"; };
		08C79D6624C8337500CBDF5F /* ProjectThumbnailCellViewModel.swift */ = {isa = PBXFileReference; lastKnownFileType = sourcecode.swift; path = ProjectThumbnailCellViewModel.swift; sourceTree = "<group>"; };
		08C79D6924C8362600CBDF5F /* ProjectThumbnailDataSource.swift */ = {isa = PBXFileReference; lastKnownFileType = sourcecode.swift; path = ProjectThumbnailDataSource.swift; sourceTree = "<group>"; };
		08C79D6B24C8490200CBDF5F /* SharedFunctions.swift */ = {isa = PBXFileReference; lastKnownFileType = sourcecode.swift; path = SharedFunctions.swift; sourceTree = "<group>"; };
		08C79D6D24C849D000CBDF5F /* UICollectionView+.swift */ = {isa = PBXFileReference; lastKnownFileType = sourcecode.swift; path = "UICollectionView+.swift"; sourceTree = "<group>"; };
		08C79D6F24C84E3C00CBDF5F /* BaseDataSource.swift */ = {isa = PBXFileReference; lastKnownFileType = sourcecode.swift; path = BaseDataSource.swift; sourceTree = "<group>"; };
		08C79D7124C8530A00CBDF5F /* BaseCell.swift */ = {isa = PBXFileReference; lastKnownFileType = sourcecode.swift; path = BaseCell.swift; sourceTree = "<group>"; };
		08C79D7324C853F600CBDF5F /* Project.swift */ = {isa = PBXFileReference; lastKnownFileType = sourcecode.swift; path = Project.swift; sourceTree = "<group>"; };
		08CD578424C463E40066AD1B /* Array+UIView.swift */ = {isa = PBXFileReference; lastKnownFileType = sourcecode.swift; path = "Array+UIView.swift"; sourceTree = "<group>"; };
		08CD578624C468290066AD1B /* SignUpViewController.swift */ = {isa = PBXFileReference; lastKnownFileType = sourcecode.swift; path = SignUpViewController.swift; sourceTree = "<group>"; };
		08CD578824C469FF0066AD1B /* SignUpViewModel.swift */ = {isa = PBXFileReference; lastKnownFileType = sourcecode.swift; path = SignUpViewModel.swift; sourceTree = "<group>"; };
		08CD578A24C53B130066AD1B /* User.swift */ = {isa = PBXFileReference; lastKnownFileType = sourcecode.swift; path = User.swift; sourceTree = "<group>"; };
		08CD578C24C53BA30066AD1B /* AppDelegateViewModel.swift */ = {isa = PBXFileReference; lastKnownFileType = sourcecode.swift; path = AppDelegateViewModel.swift; sourceTree = "<group>"; };
		08CD578F24C5B87E0066AD1B /* AutoLayout.swift */ = {isa = PBXFileReference; lastKnownFileType = sourcecode.swift; path = AutoLayout.swift; sourceTree = "<group>"; };
		08CD579224C5BC740066AD1B /* BorderStyles.swift */ = {isa = PBXFileReference; lastKnownFileType = sourcecode.swift; path = BorderStyles.swift; sourceTree = "<group>"; };
		08DEA59824C8993A00222A56 /* BaseCellTests.swift */ = {isa = PBXFileReference; lastKnownFileType = sourcecode.swift; path = BaseCellTests.swift; sourceTree = "<group>"; };
		08DEA59A24C98EF500222A56 /* ProjectDetailViewController.swift */ = {isa = PBXFileReference; lastKnownFileType = sourcecode.swift; path = ProjectDetailViewController.swift; sourceTree = "<group>"; };
		08DEA59C24C9930C00222A56 /* ProjectDetailViewModel.swift */ = {isa = PBXFileReference; lastKnownFileType = sourcecode.swift; path = ProjectDetailViewModel.swift; sourceTree = "<group>"; };
		08DEA59F24CA884300222A56 /* HomeContainerViewController.swift */ = {isa = PBXFileReference; lastKnownFileType = sourcecode.swift; path = HomeContainerViewController.swift; sourceTree = "<group>"; };
		08DEA5A124CA887B00222A56 /* HomeContainerViewModel.swift */ = {isa = PBXFileReference; lastKnownFileType = sourcecode.swift; path = HomeContainerViewModel.swift; sourceTree = "<group>"; };
		08DEA5A324CA938000222A56 /* ProjectCollectionCell.swift */ = {isa = PBXFileReference; lastKnownFileType = sourcecode.swift; path = ProjectCollectionCell.swift; sourceTree = "<group>"; };
		08DEA5A524CA98BA00222A56 /* ProjectCollectionCellViewModel.swift */ = {isa = PBXFileReference; lastKnownFileType = sourcecode.swift; path = ProjectCollectionCellViewModel.swift; sourceTree = "<group>"; };
		08DEA5A924CABB3700222A56 /* HomeDataSource.swift */ = {isa = PBXFileReference; lastKnownFileType = sourcecode.swift; path = HomeDataSource.swift; sourceTree = "<group>"; };
		08DEA5AB24CAC4F800222A56 /* UITableView+.swift */ = {isa = PBXFileReference; lastKnownFileType = sourcecode.swift; path = "UITableView+.swift"; sourceTree = "<group>"; };
		08DEA5AD24CBE7A700222A56 /* ErrorCell.swift */ = {isa = PBXFileReference; lastKnownFileType = sourcecode.swift; path = ErrorCell.swift; sourceTree = "<group>"; };
		08DEA5AF24CBE8D200222A56 /* ErrorCellViewModel.swift */ = {isa = PBXFileReference; lastKnownFileType = sourcecode.swift; path = ErrorCellViewModel.swift; sourceTree = "<group>"; };
		08DEA5B124CBFA7000222A56 /* CategoryDataSource.swift */ = {isa = PBXFileReference; lastKnownFileType = sourcecode.swift; path = CategoryDataSource.swift; sourceTree = "<group>"; };
		08DEA5B324CBFB2900222A56 /* CategoryCell.swift */ = {isa = PBXFileReference; lastKnownFileType = sourcecode.swift; path = CategoryCell.swift; sourceTree = "<group>"; };
		08DEA5B524CBFB7A00222A56 /* CategoryCellViewModel.swift */ = {isa = PBXFileReference; lastKnownFileType = sourcecode.swift; path = CategoryCellViewModel.swift; sourceTree = "<group>"; };
		08DEA5B824CC408900222A56 /* TagLayout.swift */ = {isa = PBXFileReference; lastKnownFileType = sourcecode.swift; path = TagLayout.swift; sourceTree = "<group>"; };
		08DEA5BA24CD4EAD00222A56 /* MyProjectContainerViewController.swift */ = {isa = PBXFileReference; lastKnownFileType = sourcecode.swift; path = MyProjectContainerViewController.swift; sourceTree = "<group>"; };
		08DEA5BC24CD547D00222A56 /* MyProjectContainerViewModel.swift */ = {isa = PBXFileReference; lastKnownFileType = sourcecode.swift; path = MyProjectContainerViewModel.swift; sourceTree = "<group>"; };
		08DEA5BE24CD54CD00222A56 /* MyProjectDependency.swift */ = {isa = PBXFileReference; lastKnownFileType = sourcecode.swift; path = MyProjectDependency.swift; sourceTree = "<group>"; };
		08DEA5C024CD58F800222A56 /* ProfileDependency.swift */ = {isa = PBXFileReference; lastKnownFileType = sourcecode.swift; path = ProfileDependency.swift; sourceTree = "<group>"; };
		08DEA5C224CD599500222A56 /* HomeDependency.swift */ = {isa = PBXFileReference; lastKnownFileType = sourcecode.swift; path = HomeDependency.swift; sourceTree = "<group>"; };
		08DEA5C424CD760800222A56 /* TobTabBarViewController.swift */ = {isa = PBXFileReference; lastKnownFileType = sourcecode.swift; path = TobTabBarViewController.swift; sourceTree = "<group>"; };
		08DEA5C624CD768700222A56 /* TopTabBarViewModel.swift */ = {isa = PBXFileReference; lastKnownFileType = sourcecode.swift; path = TopTabBarViewModel.swift; sourceTree = "<group>"; };
		08EDD0B224C2DCD90038D6B9 /* NetworkServiceType.swift */ = {isa = PBXFileReference; lastKnownFileType = sourcecode.swift; path = NetworkServiceType.swift; sourceTree = "<group>"; };
		08EDD0B624C2E3140038D6B9 /* RootViewModel.swift */ = {isa = PBXFileReference; lastKnownFileType = sourcecode.swift; path = RootViewModel.swift; sourceTree = "<group>"; };
		08EDD0B824C2E5BF0038D6B9 /* RootTabBarController.swift */ = {isa = PBXFileReference; lastKnownFileType = sourcecode.swift; path = RootTabBarController.swift; sourceTree = "<group>"; };
		08EDD0BD24C406D40038D6B9 /* LogInViewController.swift */ = {isa = PBXFileReference; lastKnownFileType = sourcecode.swift; path = LogInViewController.swift; sourceTree = "<group>"; };
		08EDD0BF24C409650038D6B9 /* LogInViewModel.swift */ = {isa = PBXFileReference; lastKnownFileType = sourcecode.swift; path = LogInViewModel.swift; sourceTree = "<group>"; };
		1457A818616027288BC73DF0 /* Pods_Connected_iOS_Connected_iOSTests.framework */ = {isa = PBXFileReference; explicitFileType = wrapper.framework; includeInIndex = 0; path = Pods_Connected_iOS_Connected_iOSTests.framework; sourceTree = BUILT_PRODUCTS_DIR; };
		555865764E747B36044A2BA9 /* Pods-Connected-iOS-Connected-iOSTests.debug.xcconfig */ = {isa = PBXFileReference; includeInIndex = 1; lastKnownFileType = text.xcconfig; name = "Pods-Connected-iOS-Connected-iOSTests.debug.xcconfig"; path = "Target Support Files/Pods-Connected-iOS-Connected-iOSTests/Pods-Connected-iOS-Connected-iOSTests.debug.xcconfig"; sourceTree = "<group>"; };
		A5FB61FB57E424A7C216414E /* Pods_Connected_iOS.framework */ = {isa = PBXFileReference; explicitFileType = wrapper.framework; includeInIndex = 0; path = Pods_Connected_iOS.framework; sourceTree = BUILT_PRODUCTS_DIR; };
		AC463AF5E11060F5677A98DC /* Pods-Connected-iOS-Connected-iOSTests.release.xcconfig */ = {isa = PBXFileReference; includeInIndex = 1; lastKnownFileType = text.xcconfig; name = "Pods-Connected-iOS-Connected-iOSTests.release.xcconfig"; path = "Target Support Files/Pods-Connected-iOS-Connected-iOSTests/Pods-Connected-iOS-Connected-iOSTests.release.xcconfig"; sourceTree = "<group>"; };
		D4279D2AFEA754C5790CC964 /* Pods-Connected-iOS.release.xcconfig */ = {isa = PBXFileReference; includeInIndex = 1; lastKnownFileType = text.xcconfig; name = "Pods-Connected-iOS.release.xcconfig"; path = "Target Support Files/Pods-Connected-iOS/Pods-Connected-iOS.release.xcconfig"; sourceTree = "<group>"; };
		E5BA46C2FB8D416CC1FA3FFC /* Pods-Connected-iOS.debug.xcconfig */ = {isa = PBXFileReference; includeInIndex = 1; lastKnownFileType = text.xcconfig; name = "Pods-Connected-iOS.debug.xcconfig"; path = "Target Support Files/Pods-Connected-iOS/Pods-Connected-iOS.debug.xcconfig"; sourceTree = "<group>"; };
/* End PBXFileReference section */

/* Begin PBXFrameworksBuildPhase section */
		0884DB7624BD92DF00A2E471 /* Frameworks */ = {
			isa = PBXFrameworksBuildPhase;
			buildActionMask = 2147483647;
			files = (
				6A827F885405CE5FFAB98E09 /* Pods_Connected_iOS.framework in Frameworks */,
			);
			runOnlyForDeploymentPostprocessing = 0;
		};
		0884DB8C24BD92E000A2E471 /* Frameworks */ = {
			isa = PBXFrameworksBuildPhase;
			buildActionMask = 2147483647;
			files = (
				3961704FFAF13F7AEC927E49 /* Pods_Connected_iOS_Connected_iOSTests.framework in Frameworks */,
			);
			runOnlyForDeploymentPostprocessing = 0;
		};
/* End PBXFrameworksBuildPhase section */

/* Begin PBXGroup section */
		085A523724C2BE30009990D5 /* AnalyticsService */ = {
			isa = PBXGroup;
			children = (
				085A523824C2BE77009990D5 /* AnalyticsServiceType.swift */,
			);
			path = AnalyticsService;
			sourceTree = "<group>";
		};
		0884DB7024BD92DF00A2E471 = {
			isa = PBXGroup;
			children = (
				0850430624C04A8800C672C1 /* .swiftlint.autocorrect.yml */,
				087CAE7824C0319400C2A1C4 /* .swiftlint.yml */,
				0884DB7B24BD92DF00A2E471 /* Connected-iOS */,
				0884DB9224BD92E000A2E471 /* Connected-iOSTests */,
				0884DB7A24BD92DF00A2E471 /* Products */,
				92C78EC872C82964CE0CD9CB /* Pods */,
				B577663740F5D2034DF98C18 /* Frameworks */,
			);
			sourceTree = "<group>";
		};
		0884DB7A24BD92DF00A2E471 /* Products */ = {
			isa = PBXGroup;
			children = (
				0884DB7924BD92DF00A2E471 /* Connected-iOS.app */,
				0884DB8F24BD92E000A2E471 /* Connected-iOSTests.xctest */,
			);
			name = Products;
			sourceTree = "<group>";
		};
		0884DB7B24BD92DF00A2E471 /* Connected-iOS */ = {
			isa = PBXGroup;
			children = (
				0839A11B24C208CA00A15253 /* main.swift */,
				0884DB7C24BD92DF00A2E471 /* AppDelegate.swift */,
				08DEA59E24C993D200222A56 /* DI */,
				08EDD0BA24C2E9ED0038D6B9 /* Library */,
				08D5698B24C2CE9B00171E63 /* Models */,
				08C79D6824C835EC00CBDF5F /* DataSources */,
				08D5698924C2CE0700171E63 /* ViewModels */,
				08D5698824C2CDFE00171E63 /* Views */,
				0884DB8524BD92E000A2E471 /* Assets.xcassets */,
				0884DB8724BD92E000A2E471 /* LaunchScreen.storyboard */,
				0884DB8A24BD92E000A2E471 /* Info.plist */,
				087CAE7624C01B1700C2A1C4 /* GoogleService-Info.plist */,
			);
			path = "Connected-iOS";
			sourceTree = "<group>";
		};
		0884DB9224BD92E000A2E471 /* Connected-iOSTests */ = {
			isa = PBXGroup;
			children = (
				08AF512124D59C5000352B70 /* TestHelpers */,
				08DEA59724C8992200222A56 /* Library */,
				08E455BC24C6BFDB00E3A4FF /* ViewModels */,
				0839A11924C2058100A15253 /* AppDelegateTests.swift */,
				08E455B824C6BB4800E3A4FF /* Views */,
				0884DB9524BD92E000A2E471 /* Info.plist */,
			);
			path = "Connected-iOSTests";
			sourceTree = "<group>";
		};
		08AF512124D59C5000352B70 /* TestHelpers */ = {
			isa = PBXGroup;
			children = (
				08AF512224D59C8A00352B70 /* StubNetworkService.swift */,
				08AB63A024D683AA00898A2D /* StubUserInfoValidator.swift */,
			);
			path = TestHelpers;
			sourceTree = "<group>";
		};
		08C79D6024C8138000CBDF5F /* Cells */ = {
			isa = PBXGroup;
			children = (
				08C79D6124C8139D00CBDF5F /* ProjectThumbnailCardCell.swift */,
				08DEA5A324CA938000222A56 /* ProjectCollectionCell.swift */,
				08DEA5AD24CBE7A700222A56 /* ErrorCell.swift */,
				08DEA5B324CBFB2900222A56 /* CategoryCell.swift */,
				0873E44824CFD5BE00BFC4B5 /* MyProjectCell.swift */,
				0873E45424D01D4900BFC4B5 /* ChatRoomCell.swift */,
			);
			path = Cells;
			sourceTree = "<group>";
		};
		08C79D6324C829B500CBDF5F /* ImageLoader */ = {
			isa = PBXGroup;
			children = (
				08C79D6424C829E300CBDF5F /* ImageLoaderType.swift */,
			);
			path = ImageLoader;
			sourceTree = "<group>";
		};
		08C79D6824C835EC00CBDF5F /* DataSources */ = {
			isa = PBXGroup;
			children = (
				08C79D6924C8362600CBDF5F /* ProjectThumbnailDataSource.swift */,
				08DEA5A924CABB3700222A56 /* HomeDataSource.swift */,
				08DEA5B124CBFA7000222A56 /* CategoryDataSource.swift */,
				0811A51124CF319400314F0C /* MyProjectPageDataSource.swift */,
				0873E44A24CFD64100BFC4B5 /* MyProjectDataSource.swift */,
				0873E45624D01DE600BFC4B5 /* ChatRoomDataSource.swift */,
			);
			path = DataSources;
			sourceTree = "<group>";
		};
		08C79D7524C8551800CBDF5F /* Entities */ = {
			isa = PBXGroup;
			children = (
				08CD578A24C53B130066AD1B /* User.swift */,
				08C79D7324C853F600CBDF5F /* Project.swift */,
				0873E45C24D02E0C00BFC4B5 /* ChatRoom.swift */,
				0873E45E24D0649D00BFC4B5 /* ChatMessage.swift */,
			);
			path = Entities;
			sourceTree = "<group>";
		};
		08CD579124C5BC650066AD1B /* Styles */ = {
			isa = PBXGroup;
			children = (
				08CD579224C5BC740066AD1B /* BorderStyles.swift */,
				0873E45824D020B300BFC4B5 /* UIRefreshControlStyles.swift */,
			);
			path = Styles;
			sourceTree = "<group>";
		};
		08D5698824C2CDFE00171E63 /* Views */ = {
			isa = PBXGroup;
			children = (
				08DEA5B724CC3FD400222A56 /* Layouts */,
				08C79D6024C8138000CBDF5F /* Cells */,
				08D5698A24C2CE4300171E63 /* Controllers */,
			);
			path = Views;
			sourceTree = "<group>";
		};
		08D5698924C2CE0700171E63 /* ViewModels */ = {
			isa = PBXGroup;
			children = (
				08CD578C24C53BA30066AD1B /* AppDelegateViewModel.swift */,
				08EDD0B624C2E3140038D6B9 /* RootViewModel.swift */,
				08EDD0BF24C409650038D6B9 /* LogInViewModel.swift */,
				08CD578824C469FF0066AD1B /* SignUpViewModel.swift */,
				08C79D5624C7FFD300CBDF5F /* SignInViewModel.swift */,
				08DEA5A124CA887B00222A56 /* HomeContainerViewModel.swift */,
				08C79D5E24C810D500CBDF5F /* HomeViewModel.swift */,
				08C79D6624C8337500CBDF5F /* ProjectThumbnailCellViewModel.swift */,
				08DEA59C24C9930C00222A56 /* ProjectDetailViewModel.swift */,
				08DEA5A524CA98BA00222A56 /* ProjectCollectionCellViewModel.swift */,
				08DEA5AF24CBE8D200222A56 /* ErrorCellViewModel.swift */,
				08DEA5B524CBFB7A00222A56 /* CategoryCellViewModel.swift */,
				08DEA5BC24CD547D00222A56 /* MyProjectContainerViewModel.swift */,
				08DEA5C624CD768700222A56 /* TopTabBarViewModel.swift */,
				0873E44624CFCFB600BFC4B5 /* MyProjectPageViewModel.swift */,
				0873E45024D013F300BFC4B5 /* ChatLobbyViewModel.swift */,
				0873E45A24D02C3000BFC4B5 /* ChatRoomCellViewModel.swift */,
				087AC07524D16DB600CAAF9E /* ChatRoomViewModel.swift */,
				080496AC24D2AAE300F9894C /* WebViewModel.swift */,
			);
			path = ViewModels;
			sourceTree = "<group>";
		};
		08D5698A24C2CE4300171E63 /* Controllers */ = {
			isa = PBXGroup;
			children = (
				0884DB8024BD92DF00A2E471 /* ViewController.swift */,
				08EDD0B824C2E5BF0038D6B9 /* RootTabBarController.swift */,
				08EDD0BD24C406D40038D6B9 /* LogInViewController.swift */,
				08CD578624C468290066AD1B /* SignUpViewController.swift */,
				08C79D5824C8013700CBDF5F /* SignInViewController.swift */,
				08DEA59F24CA884300222A56 /* HomeContainerViewController.swift */,
				08C79D5C24C810A800CBDF5F /* HomeViewController.swift */,
				08DEA59A24C98EF500222A56 /* ProjectDetailViewController.swift */,
				08DEA5BA24CD4EAD00222A56 /* MyProjectContainerViewController.swift */,
				08DEA5C424CD760800222A56 /* TobTabBarViewController.swift */,
				0873E44424CFCF4C00BFC4B5 /* MyProjectPageViewController.swift */,
				0873E44E24D013CA00BFC4B5 /* ChatLobbyViewController.swift */,
				087AC07324D16D8700CAAF9E /* ChatRoomViewController.swift */,
				080496AA24D2AA8600F9894C /* WebViewController.swift */,
			);
			path = Controllers;
			sourceTree = "<group>";
		};
		08D5698B24C2CE9B00171E63 /* Models */ = {
			isa = PBXGroup;
			children = (
				08C79D7524C8551800CBDF5F /* Entities */,
				08C79D6324C829B500CBDF5F /* ImageLoader */,
				08EDD0B124C2DCBD0038D6B9 /* Network */,
				085A523724C2BE30009990D5 /* AnalyticsService */,
				080496A824D2739500F9894C /* UserInfoValidator.swift */,
			);
			path = Models;
			sourceTree = "<group>";
		};
		08DEA59724C8992200222A56 /* Library */ = {
			isa = PBXGroup;
			children = (
				08DEA59824C8993A00222A56 /* BaseCellTests.swift */,
			);
			path = Library;
			sourceTree = "<group>";
		};
		08DEA59E24C993D200222A56 /* DI */ = {
			isa = PBXGroup;
			children = (
				0850430824C0505300C672C1 /* AppDependency.swift */,
				08DEA5BE24CD54CD00222A56 /* MyProjectDependency.swift */,
				08DEA5C024CD58F800222A56 /* ProfileDependency.swift */,
				08DEA5C224CD599500222A56 /* HomeDependency.swift */,
				0873E45224D0147B00BFC4B5 /* ChatDependency.swift */,
			);
			path = DI;
			sourceTree = "<group>";
		};
		08DEA5B724CC3FD400222A56 /* Layouts */ = {
			isa = PBXGroup;
			children = (
				08DEA5B824CC408900222A56 /* TagLayout.swift */,
			);
			path = Layouts;
			sourceTree = "<group>";
		};
		08E455B824C6BB4800E3A4FF /* Views */ = {
			isa = PBXGroup;
			children = (
				08E455B924C6BB4F00E3A4FF /* Controllers */,
			);
			path = Views;
			sourceTree = "<group>";
		};
		08E455B924C6BB4F00E3A4FF /* Controllers */ = {
			isa = PBXGroup;
			children = (
			);
			path = Controllers;
			sourceTree = "<group>";
		};
		08E455BC24C6BFDB00E3A4FF /* ViewModels */ = {
			isa = PBXGroup;
			children = (
				08AF511D24D581EF00352B70 /* LogInViewModelTests.swift */,
				08AF511F24D59A4300352B70 /* SignInViewModelTests.swift */,
				08AB639C24D6729900898A2D /* SignUpViewModelTests.swift */,
			);
			path = ViewModels;
			sourceTree = "<group>";
		};
		08EDD0B124C2DCBD0038D6B9 /* Network */ = {
			isa = PBXGroup;
			children = (
				08EDD0B224C2DCD90038D6B9 /* NetworkServiceType.swift */,
			);
			path = Network;
			sourceTree = "<group>";
		};
		08EDD0BA24C2E9ED0038D6B9 /* Library */ = {
			isa = PBXGroup;
			children = (
				08CD579124C5BC650066AD1B /* Styles */,
				08CD578424C463E40066AD1B /* Array+UIView.swift */,
				08CD578F24C5B87E0066AD1B /* AutoLayout.swift */,
				08A1808F24C7418800EADCE0 /* Result+.swift */,
				08C79D5324C7F20600CBDF5F /* UIViewController+Alert.swift */,
				08C79D5A24C808F100CBDF5F /* UIButton+.swift */,
				08C79D6B24C8490200CBDF5F /* SharedFunctions.swift */,
				08C79D6D24C849D000CBDF5F /* UICollectionView+.swift */,
				08C79D6F24C84E3C00CBDF5F /* BaseDataSource.swift */,
				08C79D7124C8530A00CBDF5F /* BaseCell.swift */,
				08DEA5AB24CAC4F800222A56 /* UITableView+.swift */,
				087AC07724D1B0A000CAAF9E /* UITextField+.swift */,
			);
			path = Library;
			sourceTree = "<group>";
		};
		92C78EC872C82964CE0CD9CB /* Pods */ = {
			isa = PBXGroup;
			children = (
				E5BA46C2FB8D416CC1FA3FFC /* Pods-Connected-iOS.debug.xcconfig */,
				D4279D2AFEA754C5790CC964 /* Pods-Connected-iOS.release.xcconfig */,
				555865764E747B36044A2BA9 /* Pods-Connected-iOS-Connected-iOSTests.debug.xcconfig */,
				AC463AF5E11060F5677A98DC /* Pods-Connected-iOS-Connected-iOSTests.release.xcconfig */,
			);
			path = Pods;
			sourceTree = "<group>";
		};
		B577663740F5D2034DF98C18 /* Frameworks */ = {
			isa = PBXGroup;
			children = (
				A5FB61FB57E424A7C216414E /* Pods_Connected_iOS.framework */,
				1457A818616027288BC73DF0 /* Pods_Connected_iOS_Connected_iOSTests.framework */,
			);
			name = Frameworks;
			sourceTree = "<group>";
		};
/* End PBXGroup section */

/* Begin PBXNativeTarget section */
		0884DB7824BD92DF00A2E471 /* Connected-iOS */ = {
			isa = PBXNativeTarget;
			buildConfigurationList = 0884DB9824BD92E000A2E471 /* Build configuration list for PBXNativeTarget "Connected-iOS" */;
			buildPhases = (
				5BAD868074AD8BF8B62A3369 /* [CP] Check Pods Manifest.lock */,
				0884DB7524BD92DF00A2E471 /* Sources */,
				0884DB7624BD92DF00A2E471 /* Frameworks */,
				0884DB7724BD92DF00A2E471 /* Resources */,
				0884DB9E24BD983100A2E471 /* SwiftLint autocorrect */,
				082190FB24BE00D800C43E76 /* SwiftLint lint */,
				AF95F70FC58C9E692A353639 /* [CP] Embed Pods Frameworks */,
			);
			buildRules = (
			);
			dependencies = (
			);
			name = "Connected-iOS";
			productName = "Connected-iOS";
			productReference = 0884DB7924BD92DF00A2E471 /* Connected-iOS.app */;
			productType = "com.apple.product-type.application";
		};
		0884DB8E24BD92E000A2E471 /* Connected-iOSTests */ = {
			isa = PBXNativeTarget;
			buildConfigurationList = 0884DB9B24BD92E000A2E471 /* Build configuration list for PBXNativeTarget "Connected-iOSTests" */;
			buildPhases = (
				D329D7A8C4B5202E9340F75A /* [CP] Check Pods Manifest.lock */,
				0884DB8B24BD92E000A2E471 /* Sources */,
				0884DB8C24BD92E000A2E471 /* Frameworks */,
				0884DB8D24BD92E000A2E471 /* Resources */,
				7D139B6CDEF0D685D93043C1 /* [CP] Embed Pods Frameworks */,
			);
			buildRules = (
			);
			dependencies = (
				0884DB9124BD92E000A2E471 /* PBXTargetDependency */,
			);
			name = "Connected-iOSTests";
			productName = "Connected-iOSTests";
			productReference = 0884DB8F24BD92E000A2E471 /* Connected-iOSTests.xctest */;
			productType = "com.apple.product-type.bundle.unit-test";
		};
/* End PBXNativeTarget section */

/* Begin PBXProject section */
		0884DB7124BD92DF00A2E471 /* Project object */ = {
			isa = PBXProject;
			attributes = {
				LastSwiftUpdateCheck = 1150;
				LastUpgradeCheck = 1150;
				ORGANIZATIONNAME = connected;
				TargetAttributes = {
					0884DB7824BD92DF00A2E471 = {
						CreatedOnToolsVersion = 11.5;
					};
					0884DB8E24BD92E000A2E471 = {
						CreatedOnToolsVersion = 11.5;
						TestTargetID = 0884DB7824BD92DF00A2E471;
					};
				};
			};
			buildConfigurationList = 0884DB7424BD92DF00A2E471 /* Build configuration list for PBXProject "Connected-iOS" */;
			compatibilityVersion = "Xcode 9.3";
			developmentRegion = en;
			hasScannedForEncodings = 0;
			knownRegions = (
				en,
				Base,
			);
			mainGroup = 0884DB7024BD92DF00A2E471;
			productRefGroup = 0884DB7A24BD92DF00A2E471 /* Products */;
			projectDirPath = "";
			projectRoot = "";
			targets = (
				0884DB7824BD92DF00A2E471 /* Connected-iOS */,
				0884DB8E24BD92E000A2E471 /* Connected-iOSTests */,
			);
		};
/* End PBXProject section */

/* Begin PBXResourcesBuildPhase section */
		0884DB7724BD92DF00A2E471 /* Resources */ = {
			isa = PBXResourcesBuildPhase;
			buildActionMask = 2147483647;
			files = (
				0839A11824C1FB5300A15253 /* GoogleService-Info.plist in Resources */,
				087CAE7924C0319400C2A1C4 /* .swiftlint.yml in Resources */,
				0884DB8924BD92E000A2E471 /* LaunchScreen.storyboard in Resources */,
				0850430724C04A8800C672C1 /* .swiftlint.autocorrect.yml in Resources */,
				0884DB8624BD92E000A2E471 /* Assets.xcassets in Resources */,
			);
			runOnlyForDeploymentPostprocessing = 0;
		};
		0884DB8D24BD92E000A2E471 /* Resources */ = {
			isa = PBXResourcesBuildPhase;
			buildActionMask = 2147483647;
			files = (
			);
			runOnlyForDeploymentPostprocessing = 0;
		};
/* End PBXResourcesBuildPhase section */

/* Begin PBXShellScriptBuildPhase section */
		082190FB24BE00D800C43E76 /* SwiftLint lint */ = {
			isa = PBXShellScriptBuildPhase;
			buildActionMask = 2147483647;
			files = (
			);
			inputFileListPaths = (
			);
			inputPaths = (
			);
			name = "SwiftLint lint";
			outputFileListPaths = (
			);
			outputPaths = (
			);
			runOnlyForDeploymentPostprocessing = 0;
			shellPath = /bin/sh;
			shellScript = "${PODS_ROOT}/SwiftLint/swiftlint\n";
		};
		0884DB9E24BD983100A2E471 /* SwiftLint autocorrect */ = {
			isa = PBXShellScriptBuildPhase;
			buildActionMask = 2147483647;
			files = (
			);
			inputFileListPaths = (
			);
			inputPaths = (
			);
			name = "SwiftLint autocorrect";
			outputFileListPaths = (
			);
			outputPaths = (
			);
			runOnlyForDeploymentPostprocessing = 0;
			shellPath = /bin/sh;
			shellScript = "${PODS_ROOT}/SwiftLint/swiftlint autocorrect --config .swiftlint.autocorrect.yml\n";
		};
		5BAD868074AD8BF8B62A3369 /* [CP] Check Pods Manifest.lock */ = {
			isa = PBXShellScriptBuildPhase;
			buildActionMask = 2147483647;
			files = (
			);
			inputFileListPaths = (
			);
			inputPaths = (
				"${PODS_PODFILE_DIR_PATH}/Podfile.lock",
				"${PODS_ROOT}/Manifest.lock",
			);
			name = "[CP] Check Pods Manifest.lock";
			outputFileListPaths = (
			);
			outputPaths = (
				"$(DERIVED_FILE_DIR)/Pods-Connected-iOS-checkManifestLockResult.txt",
			);
			runOnlyForDeploymentPostprocessing = 0;
			shellPath = /bin/sh;
			shellScript = "diff \"${PODS_PODFILE_DIR_PATH}/Podfile.lock\" \"${PODS_ROOT}/Manifest.lock\" > /dev/null\nif [ $? != 0 ] ; then\n    # print error to STDERR\n    echo \"error: The sandbox is not in sync with the Podfile.lock. Run 'pod install' or update your CocoaPods installation.\" >&2\n    exit 1\nfi\n# This output is used by Xcode 'outputs' to avoid re-running this script phase.\necho \"SUCCESS\" > \"${SCRIPT_OUTPUT_FILE_0}\"\n";
			showEnvVarsInLog = 0;
		};
		7D139B6CDEF0D685D93043C1 /* [CP] Embed Pods Frameworks */ = {
			isa = PBXShellScriptBuildPhase;
			buildActionMask = 2147483647;
			files = (
			);
			inputFileListPaths = (
				"${PODS_ROOT}/Target Support Files/Pods-Connected-iOS-Connected-iOSTests/Pods-Connected-iOS-Connected-iOSTests-frameworks-${CONFIGURATION}-input-files.xcfilelist",
			);
			name = "[CP] Embed Pods Frameworks";
			outputFileListPaths = (
				"${PODS_ROOT}/Target Support Files/Pods-Connected-iOS-Connected-iOSTests/Pods-Connected-iOS-Connected-iOSTests-frameworks-${CONFIGURATION}-output-files.xcfilelist",
			);
			runOnlyForDeploymentPostprocessing = 0;
			shellPath = /bin/sh;
			shellScript = "\"${PODS_ROOT}/Target Support Files/Pods-Connected-iOS-Connected-iOSTests/Pods-Connected-iOS-Connected-iOSTests-frameworks.sh\"\n";
			showEnvVarsInLog = 0;
		};
		AF95F70FC58C9E692A353639 /* [CP] Embed Pods Frameworks */ = {
			isa = PBXShellScriptBuildPhase;
			buildActionMask = 2147483647;
			files = (
			);
			inputFileListPaths = (
				"${PODS_ROOT}/Target Support Files/Pods-Connected-iOS/Pods-Connected-iOS-frameworks-${CONFIGURATION}-input-files.xcfilelist",
			);
			name = "[CP] Embed Pods Frameworks";
			outputFileListPaths = (
				"${PODS_ROOT}/Target Support Files/Pods-Connected-iOS/Pods-Connected-iOS-frameworks-${CONFIGURATION}-output-files.xcfilelist",
			);
			runOnlyForDeploymentPostprocessing = 0;
			shellPath = /bin/sh;
			shellScript = "\"${PODS_ROOT}/Target Support Files/Pods-Connected-iOS/Pods-Connected-iOS-frameworks.sh\"\n";
			showEnvVarsInLog = 0;
		};
		D329D7A8C4B5202E9340F75A /* [CP] Check Pods Manifest.lock */ = {
			isa = PBXShellScriptBuildPhase;
			buildActionMask = 2147483647;
			files = (
			);
			inputFileListPaths = (
			);
			inputPaths = (
				"${PODS_PODFILE_DIR_PATH}/Podfile.lock",
				"${PODS_ROOT}/Manifest.lock",
			);
			name = "[CP] Check Pods Manifest.lock";
			outputFileListPaths = (
			);
			outputPaths = (
				"$(DERIVED_FILE_DIR)/Pods-Connected-iOS-Connected-iOSTests-checkManifestLockResult.txt",
			);
			runOnlyForDeploymentPostprocessing = 0;
			shellPath = /bin/sh;
			shellScript = "diff \"${PODS_PODFILE_DIR_PATH}/Podfile.lock\" \"${PODS_ROOT}/Manifest.lock\" > /dev/null\nif [ $? != 0 ] ; then\n    # print error to STDERR\n    echo \"error: The sandbox is not in sync with the Podfile.lock. Run 'pod install' or update your CocoaPods installation.\" >&2\n    exit 1\nfi\n# This output is used by Xcode 'outputs' to avoid re-running this script phase.\necho \"SUCCESS\" > \"${SCRIPT_OUTPUT_FILE_0}\"\n";
			showEnvVarsInLog = 0;
		};
/* End PBXShellScriptBuildPhase section */

/* Begin PBXSourcesBuildPhase section */
		0884DB7524BD92DF00A2E471 /* Sources */ = {
			isa = PBXSourcesBuildPhase;
			buildActionMask = 2147483647;
			files = (
				08CD578D24C53BA30066AD1B /* AppDelegateViewModel.swift in Sources */,
				0850430924C0505300C672C1 /* AppDependency.swift in Sources */,
				0873E45324D0147B00BFC4B5 /* ChatDependency.swift in Sources */,
				0873E45F24D0649D00BFC4B5 /* ChatMessage.swift in Sources */,
				08DEA5AE24CBE7A700222A56 /* ErrorCell.swift in Sources */,
				08DEA5C324CD599500222A56 /* HomeDependency.swift in Sources */,
				08C79D6A24C8362600CBDF5F /* ProjectThumbnailDataSource.swift in Sources */,
				08C79D7024C84E3C00CBDF5F /* BaseDataSource.swift in Sources */,
				08C79D7224C8530A00CBDF5F /* BaseCell.swift in Sources */,
				08DEA59B24C98EF500222A56 /* ProjectDetailViewController.swift in Sources */,
				08DEA5AA24CABB3700222A56 /* HomeDataSource.swift in Sources */,
				0873E44924CFD5BE00BFC4B5 /* MyProjectCell.swift in Sources */,
				08DEA5B624CBFB7A00222A56 /* CategoryCellViewModel.swift in Sources */,
				087AC07624D16DB600CAAF9E /* ChatRoomViewModel.swift in Sources */,
				08CD578924C469FF0066AD1B /* SignUpViewModel.swift in Sources */,
				0873E44B24CFD64100BFC4B5 /* MyProjectDataSource.swift in Sources */,
				08C79D6E24C849D000CBDF5F /* UICollectionView+.swift in Sources */,
				080496AB24D2AA8600F9894C /* WebViewController.swift in Sources */,
				08C79D6224C8139D00CBDF5F /* ProjectThumbnailCardCell.swift in Sources */,
				08EDD0B924C2E5BF0038D6B9 /* RootTabBarController.swift in Sources */,
				08DEA5AC24CAC4F800222A56 /* UITableView+.swift in Sources */,
				08C79D5724C7FFD300CBDF5F /* SignInViewModel.swift in Sources */,
				08DEA5B424CBFB2900222A56 /* CategoryCell.swift in Sources */,
				08EDD0BE24C406D40038D6B9 /* LogInViewController.swift in Sources */,
				08C79D5D24C810A800CBDF5F /* HomeViewController.swift in Sources */,
				0873E45124D013F300BFC4B5 /* ChatLobbyViewModel.swift in Sources */,
				0873E45D24D02E0C00BFC4B5 /* ChatRoom.swift in Sources */,
				08EDD0B724C2E3140038D6B9 /* RootViewModel.swift in Sources */,
				0873E45924D020B300BFC4B5 /* UIRefreshControlStyles.swift in Sources */,
				08C79D5B24C808F100CBDF5F /* UIButton+.swift in Sources */,
				08C79D6524C829E300CBDF5F /* ImageLoaderType.swift in Sources */,
				08A1809024C7418800EADCE0 /* Result+.swift in Sources */,
				087AC07824D1B0A000CAAF9E /* UITextField+.swift in Sources */,
				0873E44524CFCF4C00BFC4B5 /* MyProjectPageViewController.swift in Sources */,
				08DEA5B224CBFA7000222A56 /* CategoryDataSource.swift in Sources */,
				085A523924C2BE77009990D5 /* AnalyticsServiceType.swift in Sources */,
				080496A924D2739500F9894C /* UserInfoValidator.swift in Sources */,
				08C79D5F24C810D500CBDF5F /* HomeViewModel.swift in Sources */,
				0873E45524D01D4900BFC4B5 /* ChatRoomCell.swift in Sources */,
				08DEA59D24C9930C00222A56 /* ProjectDetailViewModel.swift in Sources */,
				08CD578B24C53B130066AD1B /* User.swift in Sources */,
				08DEA5A424CA938000222A56 /* ProjectCollectionCell.swift in Sources */,
				08DEA5BD24CD547D00222A56 /* MyProjectContainerViewModel.swift in Sources */,
				0884DB8124BD92DF00A2E471 /* ViewController.swift in Sources */,
				08CD579324C5BC740066AD1B /* BorderStyles.swift in Sources */,
				087AC07424D16D8700CAAF9E /* ChatRoomViewController.swift in Sources */,
				08CD578724C468290066AD1B /* SignUpViewController.swift in Sources */,
				08DEA5A224CA887B00222A56 /* HomeContainerViewModel.swift in Sources */,
				08DEA5BB24CD4EAD00222A56 /* MyProjectContainerViewController.swift in Sources */,
				08DEA5C524CD760800222A56 /* TobTabBarViewController.swift in Sources */,
				0873E44F24D013CA00BFC4B5 /* ChatLobbyViewController.swift in Sources */,
				080496AD24D2AAE300F9894C /* WebViewModel.swift in Sources */,
				08DEA5A624CA98BA00222A56 /* ProjectCollectionCellViewModel.swift in Sources */,
				0873E44724CFCFB600BFC4B5 /* MyProjectPageViewModel.swift in Sources */,
				08DEA5C124CD58F800222A56 /* ProfileDependency.swift in Sources */,
				08EDD0C024C409650038D6B9 /* LogInViewModel.swift in Sources */,
				08DEA5BF24CD54CD00222A56 /* MyProjectDependency.swift in Sources */,
				08C79D5924C8013700CBDF5F /* SignInViewController.swift in Sources */,
				0873E45724D01DE600BFC4B5 /* ChatRoomDataSource.swift in Sources */,
				0839A11C24C208CA00A15253 /* main.swift in Sources */,
				0811A51224CF319400314F0C /* MyProjectPageDataSource.swift in Sources */,
				08C79D6724C8337500CBDF5F /* ProjectThumbnailCellViewModel.swift in Sources */,
				08CD578524C463E40066AD1B /* Array+UIView.swift in Sources */,
				08DEA5C724CD768700222A56 /* TopTabBarViewModel.swift in Sources */,
				08DEA5A024CA884300222A56 /* HomeContainerViewController.swift in Sources */,
				08CD579024C5B87E0066AD1B /* AutoLayout.swift in Sources */,
				08DEA5B924CC408900222A56 /* TagLayout.swift in Sources */,
				08C79D5424C7F20600CBDF5F /* UIViewController+Alert.swift in Sources */,
				08C79D7424C853F600CBDF5F /* Project.swift in Sources */,
				0873E45B24D02C3000BFC4B5 /* ChatRoomCellViewModel.swift in Sources */,
				08DEA5B024CBE8D200222A56 /* ErrorCellViewModel.swift in Sources */,
				08C79D6C24C8490200CBDF5F /* SharedFunctions.swift in Sources */,
				08EDD0B324C2DCD90038D6B9 /* NetworkServiceType.swift in Sources */,
				0884DB7D24BD92DF00A2E471 /* AppDelegate.swift in Sources */,
			);
			runOnlyForDeploymentPostprocessing = 0;
		};
		0884DB8B24BD92E000A2E471 /* Sources */ = {
			isa = PBXSourcesBuildPhase;
			buildActionMask = 2147483647;
			files = (
				08AF512024D59A4300352B70 /* SignInViewModelTests.swift in Sources */,
				08AB63A124D683AA00898A2D /* StubUserInfoValidator.swift in Sources */,
				08AF511E24D581EF00352B70 /* LogInViewModelTests.swift in Sources */,
				08AB639D24D6729900898A2D /* SignUpViewModelTests.swift in Sources */,
				08AF512324D59C8A00352B70 /* StubNetworkService.swift in Sources */,
				08DEA59924C8993A00222A56 /* BaseCellTests.swift in Sources */,
				0839A11A24C2058100A15253 /* AppDelegateTests.swift in Sources */,
			);
			runOnlyForDeploymentPostprocessing = 0;
		};
/* End PBXSourcesBuildPhase section */

/* Begin PBXTargetDependency section */
		0884DB9124BD92E000A2E471 /* PBXTargetDependency */ = {
			isa = PBXTargetDependency;
			target = 0884DB7824BD92DF00A2E471 /* Connected-iOS */;
			targetProxy = 0884DB9024BD92E000A2E471 /* PBXContainerItemProxy */;
		};
/* End PBXTargetDependency section */

/* Begin PBXVariantGroup section */
		0884DB8724BD92E000A2E471 /* LaunchScreen.storyboard */ = {
			isa = PBXVariantGroup;
			children = (
				0884DB8824BD92E000A2E471 /* Base */,
			);
			name = LaunchScreen.storyboard;
			sourceTree = "<group>";
		};
/* End PBXVariantGroup section */

/* Begin XCBuildConfiguration section */
		0884DB9624BD92E000A2E471 /* Debug */ = {
			isa = XCBuildConfiguration;
			buildSettings = {
				ALWAYS_SEARCH_USER_PATHS = NO;
				CLANG_ANALYZER_NONNULL = YES;
				CLANG_ANALYZER_NUMBER_OBJECT_CONVERSION = YES_AGGRESSIVE;
				CLANG_CXX_LANGUAGE_STANDARD = "gnu++14";
				CLANG_CXX_LIBRARY = "libc++";
				CLANG_ENABLE_MODULES = YES;
				CLANG_ENABLE_OBJC_ARC = YES;
				CLANG_ENABLE_OBJC_WEAK = YES;
				CLANG_WARN_BLOCK_CAPTURE_AUTORELEASING = YES;
				CLANG_WARN_BOOL_CONVERSION = YES;
				CLANG_WARN_COMMA = YES;
				CLANG_WARN_CONSTANT_CONVERSION = YES;
				CLANG_WARN_DEPRECATED_OBJC_IMPLEMENTATIONS = YES;
				CLANG_WARN_DIRECT_OBJC_ISA_USAGE = YES_ERROR;
				CLANG_WARN_DOCUMENTATION_COMMENTS = YES;
				CLANG_WARN_EMPTY_BODY = YES;
				CLANG_WARN_ENUM_CONVERSION = YES;
				CLANG_WARN_INFINITE_RECURSION = YES;
				CLANG_WARN_INT_CONVERSION = YES;
				CLANG_WARN_NON_LITERAL_NULL_CONVERSION = YES;
				CLANG_WARN_OBJC_IMPLICIT_RETAIN_SELF = YES;
				CLANG_WARN_OBJC_LITERAL_CONVERSION = YES;
				CLANG_WARN_OBJC_ROOT_CLASS = YES_ERROR;
				CLANG_WARN_RANGE_LOOP_ANALYSIS = YES;
				CLANG_WARN_STRICT_PROTOTYPES = YES;
				CLANG_WARN_SUSPICIOUS_MOVE = YES;
				CLANG_WARN_UNGUARDED_AVAILABILITY = YES_AGGRESSIVE;
				CLANG_WARN_UNREACHABLE_CODE = YES;
				CLANG_WARN__DUPLICATE_METHOD_MATCH = YES;
				COPY_PHASE_STRIP = NO;
				DEBUG_INFORMATION_FORMAT = dwarf;
				ENABLE_STRICT_OBJC_MSGSEND = YES;
				ENABLE_TESTABILITY = YES;
				GCC_C_LANGUAGE_STANDARD = gnu11;
				GCC_DYNAMIC_NO_PIC = NO;
				GCC_NO_COMMON_BLOCKS = YES;
				GCC_OPTIMIZATION_LEVEL = 0;
				GCC_PREPROCESSOR_DEFINITIONS = (
					"DEBUG=1",
					"$(inherited)",
				);
				GCC_WARN_64_TO_32_BIT_CONVERSION = YES;
				GCC_WARN_ABOUT_RETURN_TYPE = YES_ERROR;
				GCC_WARN_UNDECLARED_SELECTOR = YES;
				GCC_WARN_UNINITIALIZED_AUTOS = YES_AGGRESSIVE;
				GCC_WARN_UNUSED_FUNCTION = YES;
				GCC_WARN_UNUSED_VARIABLE = YES;
				IPHONEOS_DEPLOYMENT_TARGET = 11.0;
				MTL_ENABLE_DEBUG_INFO = INCLUDE_SOURCE;
				MTL_FAST_MATH = YES;
				ONLY_ACTIVE_ARCH = YES;
				SDKROOT = iphoneos;
				SWIFT_ACTIVE_COMPILATION_CONDITIONS = DEBUG;
				SWIFT_OPTIMIZATION_LEVEL = "-Onone";
			};
			name = Debug;
		};
		0884DB9724BD92E000A2E471 /* Release */ = {
			isa = XCBuildConfiguration;
			buildSettings = {
				ALWAYS_SEARCH_USER_PATHS = NO;
				CLANG_ANALYZER_NONNULL = YES;
				CLANG_ANALYZER_NUMBER_OBJECT_CONVERSION = YES_AGGRESSIVE;
				CLANG_CXX_LANGUAGE_STANDARD = "gnu++14";
				CLANG_CXX_LIBRARY = "libc++";
				CLANG_ENABLE_MODULES = YES;
				CLANG_ENABLE_OBJC_ARC = YES;
				CLANG_ENABLE_OBJC_WEAK = YES;
				CLANG_WARN_BLOCK_CAPTURE_AUTORELEASING = YES;
				CLANG_WARN_BOOL_CONVERSION = YES;
				CLANG_WARN_COMMA = YES;
				CLANG_WARN_CONSTANT_CONVERSION = YES;
				CLANG_WARN_DEPRECATED_OBJC_IMPLEMENTATIONS = YES;
				CLANG_WARN_DIRECT_OBJC_ISA_USAGE = YES_ERROR;
				CLANG_WARN_DOCUMENTATION_COMMENTS = YES;
				CLANG_WARN_EMPTY_BODY = YES;
				CLANG_WARN_ENUM_CONVERSION = YES;
				CLANG_WARN_INFINITE_RECURSION = YES;
				CLANG_WARN_INT_CONVERSION = YES;
				CLANG_WARN_NON_LITERAL_NULL_CONVERSION = YES;
				CLANG_WARN_OBJC_IMPLICIT_RETAIN_SELF = YES;
				CLANG_WARN_OBJC_LITERAL_CONVERSION = YES;
				CLANG_WARN_OBJC_ROOT_CLASS = YES_ERROR;
				CLANG_WARN_RANGE_LOOP_ANALYSIS = YES;
				CLANG_WARN_STRICT_PROTOTYPES = YES;
				CLANG_WARN_SUSPICIOUS_MOVE = YES;
				CLANG_WARN_UNGUARDED_AVAILABILITY = YES_AGGRESSIVE;
				CLANG_WARN_UNREACHABLE_CODE = YES;
				CLANG_WARN__DUPLICATE_METHOD_MATCH = YES;
				COPY_PHASE_STRIP = NO;
				DEBUG_INFORMATION_FORMAT = "dwarf-with-dsym";
				ENABLE_NS_ASSERTIONS = NO;
				ENABLE_STRICT_OBJC_MSGSEND = YES;
				GCC_C_LANGUAGE_STANDARD = gnu11;
				GCC_NO_COMMON_BLOCKS = YES;
				GCC_WARN_64_TO_32_BIT_CONVERSION = YES;
				GCC_WARN_ABOUT_RETURN_TYPE = YES_ERROR;
				GCC_WARN_UNDECLARED_SELECTOR = YES;
				GCC_WARN_UNINITIALIZED_AUTOS = YES_AGGRESSIVE;
				GCC_WARN_UNUSED_FUNCTION = YES;
				GCC_WARN_UNUSED_VARIABLE = YES;
				IPHONEOS_DEPLOYMENT_TARGET = 11.0;
				MTL_ENABLE_DEBUG_INFO = NO;
				MTL_FAST_MATH = YES;
				SDKROOT = iphoneos;
				SWIFT_COMPILATION_MODE = wholemodule;
				SWIFT_OPTIMIZATION_LEVEL = "-O";
				VALIDATE_PRODUCT = YES;
			};
			name = Release;
		};
		0884DB9924BD92E000A2E471 /* Debug */ = {
			isa = XCBuildConfiguration;
			baseConfigurationReference = E5BA46C2FB8D416CC1FA3FFC /* Pods-Connected-iOS.debug.xcconfig */;
			buildSettings = {
				ASSETCATALOG_COMPILER_APPICON_NAME = AppIcon;
				CODE_SIGN_STYLE = Automatic;
				DEVELOPMENT_TEAM = P6Y6LBX995;
				INFOPLIST_FILE = "Connected-iOS/Info.plist";
				LD_RUNPATH_SEARCH_PATHS = (
					"$(inherited)",
					"@executable_path/Frameworks",
				);
				PRODUCT_BUNDLE_IDENTIFIER = "com.connected.Connected-iOS";
				PRODUCT_NAME = "$(TARGET_NAME)";
				SWIFT_VERSION = 5.0;
				TARGETED_DEVICE_FAMILY = "1,2";
			};
			name = Debug;
		};
		0884DB9A24BD92E000A2E471 /* Release */ = {
			isa = XCBuildConfiguration;
			baseConfigurationReference = D4279D2AFEA754C5790CC964 /* Pods-Connected-iOS.release.xcconfig */;
			buildSettings = {
				ASSETCATALOG_COMPILER_APPICON_NAME = AppIcon;
				CODE_SIGN_STYLE = Automatic;
				DEVELOPMENT_TEAM = P6Y6LBX995;
				INFOPLIST_FILE = "Connected-iOS/Info.plist";
				LD_RUNPATH_SEARCH_PATHS = (
					"$(inherited)",
					"@executable_path/Frameworks",
				);
				PRODUCT_BUNDLE_IDENTIFIER = "com.connected.Connected-iOS";
				PRODUCT_NAME = "$(TARGET_NAME)";
				SWIFT_VERSION = 5.0;
				TARGETED_DEVICE_FAMILY = "1,2";
			};
			name = Release;
		};
		0884DB9C24BD92E000A2E471 /* Debug */ = {
			isa = XCBuildConfiguration;
			baseConfigurationReference = 555865764E747B36044A2BA9 /* Pods-Connected-iOS-Connected-iOSTests.debug.xcconfig */;
			buildSettings = {
				ALWAYS_EMBED_SWIFT_STANDARD_LIBRARIES = YES;
				BUNDLE_LOADER = "$(TEST_HOST)";
				CODE_SIGN_STYLE = Automatic;
				DEVELOPMENT_TEAM = P6Y6LBX995;
				INFOPLIST_FILE = "Connected-iOSTests/Info.plist";
				IPHONEOS_DEPLOYMENT_TARGET = 13.5;
				LD_RUNPATH_SEARCH_PATHS = (
					"$(inherited)",
					"@executable_path/Frameworks",
					"@loader_path/Frameworks",
				);
				PRODUCT_BUNDLE_IDENTIFIER = "com.connected.Connected-iOSTests";
				PRODUCT_NAME = "$(TARGET_NAME)";
				SWIFT_VERSION = 5.0;
				TARGETED_DEVICE_FAMILY = "1,2";
				TEST_HOST = "$(BUILT_PRODUCTS_DIR)/Connected-iOS.app/Connected-iOS";
			};
			name = Debug;
		};
		0884DB9D24BD92E000A2E471 /* Release */ = {
			isa = XCBuildConfiguration;
			baseConfigurationReference = AC463AF5E11060F5677A98DC /* Pods-Connected-iOS-Connected-iOSTests.release.xcconfig */;
			buildSettings = {
				ALWAYS_EMBED_SWIFT_STANDARD_LIBRARIES = YES;
				BUNDLE_LOADER = "$(TEST_HOST)";
				CODE_SIGN_STYLE = Automatic;
				DEVELOPMENT_TEAM = P6Y6LBX995;
				INFOPLIST_FILE = "Connected-iOSTests/Info.plist";
				IPHONEOS_DEPLOYMENT_TARGET = 13.5;
				LD_RUNPATH_SEARCH_PATHS = (
					"$(inherited)",
					"@executable_path/Frameworks",
					"@loader_path/Frameworks",
				);
				PRODUCT_BUNDLE_IDENTIFIER = "com.connected.Connected-iOSTests";
				PRODUCT_NAME = "$(TARGET_NAME)";
				SWIFT_VERSION = 5.0;
				TARGETED_DEVICE_FAMILY = "1,2";
				TEST_HOST = "$(BUILT_PRODUCTS_DIR)/Connected-iOS.app/Connected-iOS";
			};
			name = Release;
		};
/* End XCBuildConfiguration section */

/* Begin XCConfigurationList section */
		0884DB7424BD92DF00A2E471 /* Build configuration list for PBXProject "Connected-iOS" */ = {
			isa = XCConfigurationList;
			buildConfigurations = (
				0884DB9624BD92E000A2E471 /* Debug */,
				0884DB9724BD92E000A2E471 /* Release */,
			);
			defaultConfigurationIsVisible = 0;
			defaultConfigurationName = Release;
		};
		0884DB9824BD92E000A2E471 /* Build configuration list for PBXNativeTarget "Connected-iOS" */ = {
			isa = XCConfigurationList;
			buildConfigurations = (
				0884DB9924BD92E000A2E471 /* Debug */,
				0884DB9A24BD92E000A2E471 /* Release */,
			);
			defaultConfigurationIsVisible = 0;
			defaultConfigurationName = Release;
		};
		0884DB9B24BD92E000A2E471 /* Build configuration list for PBXNativeTarget "Connected-iOSTests" */ = {
			isa = XCConfigurationList;
			buildConfigurations = (
				0884DB9C24BD92E000A2E471 /* Debug */,
				0884DB9D24BD92E000A2E471 /* Release */,
			);
			defaultConfigurationIsVisible = 0;
			defaultConfigurationName = Release;
		};
/* End XCConfigurationList section */
	};
	rootObject = 0884DB7124BD92DF00A2E471 /* Project object */;
}
